
Microsoft Visual Studio Solution File, Format Version 12.00
# Visual Studio Version 17
VisualStudioVersion = 17.1.32328.378
MinimumVisualStudioVersion = 10.0.40219.1
Project("{2150E333-8FDC-42A3-9474-1A3956D46DE8}") = "src", "src", "{993A08AA-0E82-4A34-98B1-31F4401F2545}"
EndProject
Project("{2150E333-8FDC-42A3-9474-1A3956D46DE8}") = "tests", "tests", "{7AB46A41-E8B0-48D0-A38A-118861BA97F6}"
EndProject
Project("{2150E333-8FDC-42A3-9474-1A3956D46DE8}") = ".github", ".github", "{C3DA3AB0-3978-422E-AF77-6DF53633E339}"
EndProject
Project("{2150E333-8FDC-42A3-9474-1A3956D46DE8}") = ".sln", ".sln", "{475630B7-4524-4F6B-B83D-F1037D88606C}"
	ProjectSection(SolutionItems) = preProject
		.gitignore = .gitignore
		AUTHORS.md = AUTHORS.md
		CONTRIBUTING.md = CONTRIBUTING.md
		LICENSE = LICENSE
		README.md = README.md
	EndProjectSection
EndProject
Project("{9A19103F-16F7-4668-BE54-9A1E7A4F7556}") = "EA.Serializers.Contracts", "src\EA.Serializers.Contracts\EA.Serializers.Contracts.csproj", "{F11AF6FB-0419-4D49-9176-840AE6B230C1}"
EndProject
Project("{FAE04EC0-301F-11D3-BF4B-00C04F79EFBC}") = "EA.Serializers.Json", "src\EA.Serializers.Json\EA.Serializers.Json.csproj", "{C61AEC57-737D-4A89-8050-DB3997E73298}"
EndProject
Project("{9A19103F-16F7-4668-BE54-9A1E7A4F7556}") = "EA.Serializers.NewtonsoftJson", "src\EA.Serializers.NewtonsoftJson\EA.Serializers.NewtonsoftJson.csproj", "{4331E22C-D050-494B-9539-0FB55598EB0D}"
EndProject
Project("{FAE04EC0-301F-11D3-BF4B-00C04F79EFBC}") = "EA.Serializers.MessagePack", "src\EA.Serializers.MessagePack\EA.Serializers.MessagePack.csproj", "{E25F2B57-593A-4E6E-B2B3-96667C55E9A3}"
EndProject
Project("{FAE04EC0-301F-11D3-BF4B-00C04F79EFBC}") = "EA.Serializers.UnitTests", "tests\EA.Serializers.UnitTests\EA.Serializers.UnitTests.csproj", "{85A900D9-44CE-4145-ADB4-6FCA7B508188}"
EndProject
Project("{2150E333-8FDC-42A3-9474-1A3956D46DE8}") = "workflows", "workflows", "{888B4522-2ACA-4DAA-8CA1-DA43B0FFA043}"
	ProjectSection(SolutionItems) = preProject
		.github\workflows\nugetpush.yml = .github\workflows\nugetpush.yml
		.github\workflows\sonarcloud.yml = .github\workflows\sonarcloud.yml
	EndProjectSection
EndProject
Global
	GlobalSection(SolutionConfigurationPlatforms) = preSolution
		Debug|Any CPU = Debug|Any CPU
		Release|Any CPU = Release|Any CPU
	EndGlobalSection
	GlobalSection(ProjectConfigurationPlatforms) = postSolution
		{F11AF6FB-0419-4D49-9176-840AE6B230C1}.Debug|Any CPU.ActiveCfg = Debug|Any CPU
		{F11AF6FB-0419-4D49-9176-840AE6B230C1}.Debug|Any CPU.Build.0 = Debug|Any CPU
		{F11AF6FB-0419-4D49-9176-840AE6B230C1}.Release|Any CPU.ActiveCfg = Release|Any CPU
		{F11AF6FB-0419-4D49-9176-840AE6B230C1}.Release|Any CPU.Build.0 = Release|Any CPU
		{C61AEC57-737D-4A89-8050-DB3997E73298}.Debug|Any CPU.ActiveCfg = Debug|Any CPU
		{C61AEC57-737D-4A89-8050-DB3997E73298}.Debug|Any CPU.Build.0 = Debug|Any CPU
		{C61AEC57-737D-4A89-8050-DB3997E73298}.Release|Any CPU.ActiveCfg = Release|Any CPU
		{C61AEC57-737D-4A89-8050-DB3997E73298}.Release|Any CPU.Build.0 = Release|Any CPU
		{4331E22C-D050-494B-9539-0FB55598EB0D}.Debug|Any CPU.ActiveCfg = Debug|Any CPU
		{4331E22C-D050-494B-9539-0FB55598EB0D}.Debug|Any CPU.Build.0 = Debug|Any CPU
		{4331E22C-D050-494B-9539-0FB55598EB0D}.Release|Any CPU.ActiveCfg = Release|Any CPU
		{4331E22C-D050-494B-9539-0FB55598EB0D}.Release|Any CPU.Build.0 = Release|Any CPU
		{E25F2B57-593A-4E6E-B2B3-96667C55E9A3}.Debug|Any CPU.ActiveCfg = Debug|Any CPU
		{E25F2B57-593A-4E6E-B2B3-96667C55E9A3}.Debug|Any CPU.Build.0 = Debug|Any CPU
		{E25F2B57-593A-4E6E-B2B3-96667C55E9A3}.Release|Any CPU.ActiveCfg = Release|Any CPU
		{E25F2B57-593A-4E6E-B2B3-96667C55E9A3}.Release|Any CPU.Build.0 = Release|Any CPU
		{85A900D9-44CE-4145-ADB4-6FCA7B508188}.Debug|Any CPU.ActiveCfg = Debug|Any CPU
		{85A900D9-44CE-4145-ADB4-6FCA7B508188}.Debug|Any CPU.Build.0 = Debug|Any CPU
		{85A900D9-44CE-4145-ADB4-6FCA7B508188}.Release|Any CPU.ActiveCfg = Release|Any CPU
		{85A900D9-44CE-4145-ADB4-6FCA7B508188}.Release|Any CPU.Build.0 = Release|Any CPU
	EndGlobalSection
	GlobalSection(SolutionProperties) = preSolution
		HideSolutionNode = FALSE
	EndGlobalSection
	GlobalSection(NestedProjects) = preSolution
		{F11AF6FB-0419-4D49-9176-840AE6B230C1} = {993A08AA-0E82-4A34-98B1-31F4401F2545}
		{C61AEC57-737D-4A89-8050-DB3997E73298} = {993A08AA-0E82-4A34-98B1-31F4401F2545}
		{4331E22C-D050-494B-9539-0FB55598EB0D} = {993A08AA-0E82-4A34-98B1-31F4401F2545}
		{E25F2B57-593A-4E6E-B2B3-96667C55E9A3} = {993A08AA-0E82-4A34-98B1-31F4401F2545}
		{85A900D9-44CE-4145-ADB4-6FCA7B508188} = {7AB46A41-E8B0-48D0-A38A-118861BA97F6}
		{888B4522-2ACA-4DAA-8CA1-DA43B0FFA043} = {C3DA3AB0-3978-422E-AF77-6DF53633E339}
	EndGlobalSection
	GlobalSection(ExtensibilityGlobals) = postSolution
		SolutionGuid = {99FE9388-936C-4A7A-A66B-7A4091EFA37C}
	EndGlobalSection
EndGlobal
